// !$*UTF8*$!
{
	archiveVersion = 1;
	classes = {
	};
	objectVersion = 55;
	objects = {

/* Begin PBXBuildFile section */
		C0517DA42814224C00DDD6CD /* FeedController.swift in Sources */ = {isa = PBXBuildFile; fileRef = C0517DA32814224C00DDD6CD /* FeedController.swift */; };
		C0517DA62814226600DDD6CD /* ExploreController.swift in Sources */ = {isa = PBXBuildFile; fileRef = C0517DA52814226500DDD6CD /* ExploreController.swift */; };
		C0517DA82814227300DDD6CD /* ConversationController.swift in Sources */ = {isa = PBXBuildFile; fileRef = C0517DA72814227300DDD6CD /* ConversationController.swift */; };
		C0517DAA2814228300DDD6CD /* NotificationController.swift in Sources */ = {isa = PBXBuildFile; fileRef = C0517DA92814228300DDD6CD /* NotificationController.swift */; };
		C0517DAC2814296E00DDD6CD /* Extension.swift in Sources */ = {isa = PBXBuildFile; fileRef = C0517DAB2814296E00DDD6CD /* Extension.swift */; };
		C0CC7BFC280AB3BE000EF427 /* AppDelegate.swift in Sources */ = {isa = PBXBuildFile; fileRef = C0CC7BFB280AB3BE000EF427 /* AppDelegate.swift */; };
		C0CC7BFE280AB3BE000EF427 /* SceneDelegate.swift in Sources */ = {isa = PBXBuildFile; fileRef = C0CC7BFD280AB3BE000EF427 /* SceneDelegate.swift */; };
		C0CC7C00280AB3BE000EF427 /* ViewController.swift in Sources */ = {isa = PBXBuildFile; fileRef = C0CC7BFF280AB3BE000EF427 /* ViewController.swift */; };
		C0CC7C03280AB3BE000EF427 /* Main.storyboard in Resources */ = {isa = PBXBuildFile; fileRef = C0CC7C01280AB3BE000EF427 /* Main.storyboard */; };
		C0CC7C05280AB3C0000EF427 /* Assets.xcassets in Resources */ = {isa = PBXBuildFile; fileRef = C0CC7C04280AB3C0000EF427 /* Assets.xcassets */; };
		C0CC7C08280AB3C0000EF427 /* LaunchScreen.storyboard in Resources */ = {isa = PBXBuildFile; fileRef = C0CC7C06280AB3C0000EF427 /* LaunchScreen.storyboard */; };
		C0CC7C13280AB3C0000EF427 /* Twitter_iOSTests.swift in Sources */ = {isa = PBXBuildFile; fileRef = C0CC7C12280AB3C0000EF427 /* Twitter_iOSTests.swift */; };
		C0CC7C1D280AB3C0000EF427 /* Twitter_iOSUITests.swift in Sources */ = {isa = PBXBuildFile; fileRef = C0CC7C1C280AB3C0000EF427 /* Twitter_iOSUITests.swift */; };
		C0CC7C1F280AB3C0000EF427 /* Twitter_iOSUITestsLaunchTests.swift in Sources */ = {isa = PBXBuildFile; fileRef = C0CC7C1E280AB3C0000EF427 /* Twitter_iOSUITestsLaunchTests.swift */; };
		C0CC7C32280AB52B000EF427 /* MainTabController.swift in Sources */ = {isa = PBXBuildFile; fileRef = C0CC7C31280AB52B000EF427 /* MainTabController.swift */; };
/* End PBXBuildFile section */

/* Begin PBXContainerItemProxy section */
		C0CC7C0F280AB3C0000EF427 /* PBXContainerItemProxy */ = {
			isa = PBXContainerItemProxy;
			containerPortal = C0CC7BF0280AB3BE000EF427 /* Project object */;
			proxyType = 1;
			remoteGlobalIDString = C0CC7BF7280AB3BE000EF427;
			remoteInfo = "Twitter-iOS";
		};
		C0CC7C19280AB3C0000EF427 /* PBXContainerItemProxy */ = {
			isa = PBXContainerItemProxy;
			containerPortal = C0CC7BF0280AB3BE000EF427 /* Project object */;
			proxyType = 1;
			remoteGlobalIDString = C0CC7BF7280AB3BE000EF427;
			remoteInfo = "Twitter-iOS";
		};
/* End PBXContainerItemProxy section */

/* Begin PBXFileReference section */
		C0517DA32814224C00DDD6CD /* FeedController.swift */ = {isa = PBXFileReference; lastKnownFileType = sourcecode.swift; path = FeedController.swift; sourceTree = "<group>"; };
		C0517DA52814226500DDD6CD /* ExploreController.swift */ = {isa = PBXFileReference; lastKnownFileType = sourcecode.swift; path = ExploreController.swift; sourceTree = "<group>"; };
		C0517DA72814227300DDD6CD /* ConversationController.swift */ = {isa = PBXFileReference; lastKnownFileType = sourcecode.swift; path = ConversationController.swift; sourceTree = "<group>"; };
		C0517DA92814228300DDD6CD /* NotificationController.swift */ = {isa = PBXFileReference; lastKnownFileType = sourcecode.swift; path = NotificationController.swift; sourceTree = "<group>"; };
		C0517DAB2814296E00DDD6CD /* Extension.swift */ = {isa = PBXFileReference; lastKnownFileType = sourcecode.swift; path = Extension.swift; sourceTree = "<group>"; };
		C0CC7BF8280AB3BE000EF427 /* Twitter-iOS.app */ = {isa = PBXFileReference; explicitFileType = wrapper.application; includeInIndex = 0; path = "Twitter-iOS.app"; sourceTree = BUILT_PRODUCTS_DIR; };
		C0CC7BFB280AB3BE000EF427 /* AppDelegate.swift */ = {isa = PBXFileReference; lastKnownFileType = sourcecode.swift; path = AppDelegate.swift; sourceTree = "<group>"; };
		C0CC7BFD280AB3BE000EF427 /* SceneDelegate.swift */ = {isa = PBXFileReference; lastKnownFileType = sourcecode.swift; path = SceneDelegate.swift; sourceTree = "<group>"; };
		C0CC7BFF280AB3BE000EF427 /* ViewController.swift */ = {isa = PBXFileReference; lastKnownFileType = sourcecode.swift; path = ViewController.swift; sourceTree = "<group>"; };
		C0CC7C02280AB3BE000EF427 /* Base */ = {isa = PBXFileReference; lastKnownFileType = file.storyboard; name = Base; path = Base.lproj/Main.storyboard; sourceTree = "<group>"; };
		C0CC7C04280AB3C0000EF427 /* Assets.xcassets */ = {isa = PBXFileReference; lastKnownFileType = folder.assetcatalog; path = Assets.xcassets; sourceTree = "<group>"; };
		C0CC7C07280AB3C0000EF427 /* Base */ = {isa = PBXFileReference; lastKnownFileType = file.storyboard; name = Base; path = Base.lproj/LaunchScreen.storyboard; sourceTree = "<group>"; };
		C0CC7C09280AB3C0000EF427 /* Info.plist */ = {isa = PBXFileReference; lastKnownFileType = text.plist.xml; path = Info.plist; sourceTree = "<group>"; };
		C0CC7C0E280AB3C0000EF427 /* Twitter-iOSTests.xctest */ = {isa = PBXFileReference; explicitFileType = wrapper.cfbundle; includeInIndex = 0; path = "Twitter-iOSTests.xctest"; sourceTree = BUILT_PRODUCTS_DIR; };
		C0CC7C12280AB3C0000EF427 /* Twitter_iOSTests.swift */ = {isa = PBXFileReference; lastKnownFileType = sourcecode.swift; path = Twitter_iOSTests.swift; sourceTree = "<group>"; };
		C0CC7C18280AB3C0000EF427 /* Twitter-iOSUITests.xctest */ = {isa = PBXFileReference; explicitFileType = wrapper.cfbundle; includeInIndex = 0; path = "Twitter-iOSUITests.xctest"; sourceTree = BUILT_PRODUCTS_DIR; };
		C0CC7C1C280AB3C0000EF427 /* Twitter_iOSUITests.swift */ = {isa = PBXFileReference; lastKnownFileType = sourcecode.swift; path = Twitter_iOSUITests.swift; sourceTree = "<group>"; };
		C0CC7C1E280AB3C0000EF427 /* Twitter_iOSUITestsLaunchTests.swift */ = {isa = PBXFileReference; lastKnownFileType = sourcecode.swift; path = Twitter_iOSUITestsLaunchTests.swift; sourceTree = "<group>"; };
		C0CC7C31280AB52B000EF427 /* MainTabController.swift */ = {isa = PBXFileReference; lastKnownFileType = sourcecode.swift; path = MainTabController.swift; sourceTree = "<group>"; };
/* End PBXFileReference section */

/* Begin PBXFrameworksBuildPhase section */
		C0CC7BF5280AB3BE000EF427 /* Frameworks */ = {
			isa = PBXFrameworksBuildPhase;
			buildActionMask = 2147483647;
			files = (
			);
			runOnlyForDeploymentPostprocessing = 0;
		};
		C0CC7C0B280AB3C0000EF427 /* Frameworks */ = {
			isa = PBXFrameworksBuildPhase;
			buildActionMask = 2147483647;
			files = (
			);
			runOnlyForDeploymentPostprocessing = 0;
		};
		C0CC7C15280AB3C0000EF427 /* Frameworks */ = {
			isa = PBXFrameworksBuildPhase;
			buildActionMask = 2147483647;
			files = (
			);
			runOnlyForDeploymentPostprocessing = 0;
		};
/* End PBXFrameworksBuildPhase section */

/* Begin PBXGroup section */
		C0CC7BEF280AB3BE000EF427 = {
			isa = PBXGroup;
			children = (
				C0CC7BFA280AB3BE000EF427 /* Twitter-iOS */,
				C0CC7C11280AB3C0000EF427 /* Twitter-iOSTests */,
				C0CC7C1B280AB3C0000EF427 /* Twitter-iOSUITests */,
				C0CC7BF9280AB3BE000EF427 /* Products */,
			);
			sourceTree = "<group>";
		};
		C0CC7BF9280AB3BE000EF427 /* Products */ = {
			isa = PBXGroup;
			children = (
				C0CC7BF8280AB3BE000EF427 /* Twitter-iOS.app */,
				C0CC7C0E280AB3C0000EF427 /* Twitter-iOSTests.xctest */,
				C0CC7C18280AB3C0000EF427 /* Twitter-iOSUITests.xctest */,
			);
			name = Products;
			sourceTree = "<group>";
		};
		C0CC7BFA280AB3BE000EF427 /* Twitter-iOS */ = {
			isa = PBXGroup;
			children = (
				C0CC7C30280AB418000EF427 /* API */,
				C0CC7C2F280AB412000EF427 /* Controller */,
				C0CC7C2E280AB408000EF427 /* Utils */,
				C0CC7C2D280AB401000EF427 /* ViewModel */,
				C0CC7C2C280AB3F8000EF427 /* View */,
				C0CC7C2B280AB3F0000EF427 /* Model */,
				C0CC7BFB280AB3BE000EF427 /* AppDelegate.swift */,
				C0CC7BFD280AB3BE000EF427 /* SceneDelegate.swift */,
				C0CC7BFF280AB3BE000EF427 /* ViewController.swift */,
				C0CC7C01280AB3BE000EF427 /* Main.storyboard */,
				C0CC7C04280AB3C0000EF427 /* Assets.xcassets */,
				C0CC7C06280AB3C0000EF427 /* LaunchScreen.storyboard */,
				C0CC7C09280AB3C0000EF427 /* Info.plist */,
			);
			path = "Twitter-iOS";
			sourceTree = "<group>";
		};
		C0CC7C11280AB3C0000EF427 /* Twitter-iOSTests */ = {
			isa = PBXGroup;
			children = (
				C0CC7C12280AB3C0000EF427 /* Twitter_iOSTests.swift */,
			);
			path = "Twitter-iOSTests";
			sourceTree = "<group>";
		};
		C0CC7C1B280AB3C0000EF427 /* Twitter-iOSUITests */ = {
			isa = PBXGroup;
			children = (
				C0CC7C1C280AB3C0000EF427 /* Twitter_iOSUITests.swift */,
				C0CC7C1E280AB3C0000EF427 /* Twitter_iOSUITestsLaunchTests.swift */,
			);
			path = "Twitter-iOSUITests";
			sourceTree = "<group>";
		};
		C0CC7C2B280AB3F0000EF427 /* Model */ = {
			isa = PBXGroup;
			children = (
			);
			path = Model;
			sourceTree = "<group>";
		};
		C0CC7C2C280AB3F8000EF427 /* View */ = {
			isa = PBXGroup;
			children = (
			);
			path = View;
			sourceTree = "<group>";
		};
		C0CC7C2D280AB401000EF427 /* ViewModel */ = {
			isa = PBXGroup;
			children = (
			);
			path = ViewModel;
			sourceTree = "<group>";
		};
		C0CC7C2E280AB408000EF427 /* Utils */ = {
			isa = PBXGroup;
			children = (
				C0517DAB2814296E00DDD6CD /* Extension.swift */,
			);
			path = Utils;
			sourceTree = "<group>";
		};
		C0CC7C2F280AB412000EF427 /* Controller */ = {
			isa = PBXGroup;
			children = (
				C0CC7C31280AB52B000EF427 /* MainTabController.swift */,
				C0517DA32814224C00DDD6CD /* FeedController.swift */,
				C0517DA52814226500DDD6CD /* ExploreController.swift */,
				C0517DA72814227300DDD6CD /* ConversationController.swift */,
				C0517DA92814228300DDD6CD /* NotificationController.swift */,
			);
			path = Controller;
			sourceTree = "<group>";
		};
		C0CC7C30280AB418000EF427 /* API */ = {
			isa = PBXGroup;
			children = (
			);
			path = API;
			sourceTree = "<group>";
		};
/* End PBXGroup section */

/* Begin PBXNativeTarget section */
		C0CC7BF7280AB3BE000EF427 /* Twitter-iOS */ = {
			isa = PBXNativeTarget;
			buildConfigurationList = C0CC7C22280AB3C0000EF427 /* Build configuration list for PBXNativeTarget "Twitter-iOS" */;
			buildPhases = (
				C0CC7BF4280AB3BE000EF427 /* Sources */,
				C0CC7BF5280AB3BE000EF427 /* Frameworks */,
				C0CC7BF6280AB3BE000EF427 /* Resources */,
			);
			buildRules = (
			);
			dependencies = (
			);
			name = "Twitter-iOS";
			productName = "Twitter-iOS";
			productReference = C0CC7BF8280AB3BE000EF427 /* Twitter-iOS.app */;
			productType = "com.apple.product-type.application";
		};
		C0CC7C0D280AB3C0000EF427 /* Twitter-iOSTests */ = {
			isa = PBXNativeTarget;
			buildConfigurationList = C0CC7C25280AB3C0000EF427 /* Build configuration list for PBXNativeTarget "Twitter-iOSTests" */;
			buildPhases = (
				C0CC7C0A280AB3C0000EF427 /* Sources */,
				C0CC7C0B280AB3C0000EF427 /* Frameworks */,
				C0CC7C0C280AB3C0000EF427 /* Resources */,
			);
			buildRules = (
			);
			dependencies = (
				C0CC7C10280AB3C0000EF427 /* PBXTargetDependency */,
			);
			name = "Twitter-iOSTests";
			productName = "Twitter-iOSTests";
			productReference = C0CC7C0E280AB3C0000EF427 /* Twitter-iOSTests.xctest */;
			productType = "com.apple.product-type.bundle.unit-test";
		};
		C0CC7C17280AB3C0000EF427 /* Twitter-iOSUITests */ = {
			isa = PBXNativeTarget;
			buildConfigurationList = C0CC7C28280AB3C0000EF427 /* Build configuration list for PBXNativeTarget "Twitter-iOSUITests" */;
			buildPhases = (
				C0CC7C14280AB3C0000EF427 /* Sources */,
				C0CC7C15280AB3C0000EF427 /* Frameworks */,
				C0CC7C16280AB3C0000EF427 /* Resources */,
			);
			buildRules = (
			);
			dependencies = (
				C0CC7C1A280AB3C0000EF427 /* PBXTargetDependency */,
			);
			name = "Twitter-iOSUITests";
			productName = "Twitter-iOSUITests";
			productReference = C0CC7C18280AB3C0000EF427 /* Twitter-iOSUITests.xctest */;
			productType = "com.apple.product-type.bundle.ui-testing";
		};
/* End PBXNativeTarget section */

/* Begin PBXProject section */
		C0CC7BF0280AB3BE000EF427 /* Project object */ = {
			isa = PBXProject;
			attributes = {
				BuildIndependentTargetsInParallel = 1;
				LastSwiftUpdateCheck = 1330;
				LastUpgradeCheck = 1330;
				TargetAttributes = {
					C0CC7BF7280AB3BE000EF427 = {
						CreatedOnToolsVersion = 13.3.1;
					};
					C0CC7C0D280AB3C0000EF427 = {
						CreatedOnToolsVersion = 13.3.1;
						TestTargetID = C0CC7BF7280AB3BE000EF427;
					};
					C0CC7C17280AB3C0000EF427 = {
						CreatedOnToolsVersion = 13.3.1;
						TestTargetID = C0CC7BF7280AB3BE000EF427;
					};
				};
			};
			buildConfigurationList = C0CC7BF3280AB3BE000EF427 /* Build configuration list for PBXProject "Twitter-iOS" */;
			compatibilityVersion = "Xcode 13.0";
			developmentRegion = en;
			hasScannedForEncodings = 0;
			knownRegions = (
				en,
				Base,
			);
			mainGroup = C0CC7BEF280AB3BE000EF427;
			productRefGroup = C0CC7BF9280AB3BE000EF427 /* Products */;
			projectDirPath = "";
			projectRoot = "";
			targets = (
				C0CC7BF7280AB3BE000EF427 /* Twitter-iOS */,
				C0CC7C0D280AB3C0000EF427 /* Twitter-iOSTests */,
				C0CC7C17280AB3C0000EF427 /* Twitter-iOSUITests */,
			);
		};
/* End PBXProject section */

/* Begin PBXResourcesBuildPhase section */
		C0CC7BF6280AB3BE000EF427 /* Resources */ = {
			isa = PBXResourcesBuildPhase;
			buildActionMask = 2147483647;
			files = (
				C0CC7C08280AB3C0000EF427 /* LaunchScreen.storyboard in Resources */,
				C0CC7C05280AB3C0000EF427 /* Assets.xcassets in Resources */,
				C0CC7C03280AB3BE000EF427 /* Main.storyboard in Resources */,
			);
			runOnlyForDeploymentPostprocessing = 0;
		};
		C0CC7C0C280AB3C0000EF427 /* Resources */ = {
			isa = PBXResourcesBuildPhase;
			buildActionMask = 2147483647;
			files = (
			);
			runOnlyForDeploymentPostprocessing = 0;
		};
		C0CC7C16280AB3C0000EF427 /* Resources */ = {
			isa = PBXResourcesBuildPhase;
			buildActionMask = 2147483647;
			files = (
			);
			runOnlyForDeploymentPostprocessing = 0;
		};
/* End PBXResourcesBuildPhase section */

/* Begin PBXSourcesBuildPhase section */
		C0CC7BF4280AB3BE000EF427 /* Sources */ = {
			isa = PBXSourcesBuildPhase;
			buildActionMask = 2147483647;
			files = (
				C0CC7C00280AB3BE000EF427 /* ViewController.swift in Sources */,
				C0CC7BFC280AB3BE000EF427 /* AppDelegate.swift in Sources */,
				C0517DAA2814228300DDD6CD /* NotificationController.swift in Sources */,
				C0517DA42814224C00DDD6CD /* FeedController.swift in Sources */,
				C0CC7C32280AB52B000EF427 /* MainTabController.swift in Sources */,
				C0CC7BFE280AB3BE000EF427 /* SceneDelegate.swift in Sources */,
				C0517DA82814227300DDD6CD /* ConversationController.swift in Sources */,
				C0517DAC2814296E00DDD6CD /* Extension.swift in Sources */,
				C0517DA62814226600DDD6CD /* ExploreController.swift in Sources */,
			);
			runOnlyForDeploymentPostprocessing = 0;
		};
		C0CC7C0A280AB3C0000EF427 /* Sources */ = {
			isa = PBXSourcesBuildPhase;
			buildActionMask = 2147483647;
			files = (
				C0CC7C13280AB3C0000EF427 /* Twitter_iOSTests.swift in Sources */,
			);
			runOnlyForDeploymentPostprocessing = 0;
		};
		C0CC7C14280AB3C0000EF427 /* Sources */ = {
			isa = PBXSourcesBuildPhase;
			buildActionMask = 2147483647;
			files = (
				C0CC7C1F280AB3C0000EF427 /* Twitter_iOSUITestsLaunchTests.swift in Sources */,
				C0CC7C1D280AB3C0000EF427 /* Twitter_iOSUITests.swift in Sources */,
			);
			runOnlyForDeploymentPostprocessing = 0;
		};
/* End PBXSourcesBuildPhase section */

/* Begin PBXTargetDependency section */
		C0CC7C10280AB3C0000EF427 /* PBXTargetDependency */ = {
			isa = PBXTargetDependency;
			target = C0CC7BF7280AB3BE000EF427 /* Twitter-iOS */;
			targetProxy = C0CC7C0F280AB3C0000EF427 /* PBXContainerItemProxy */;
		};
		C0CC7C1A280AB3C0000EF427 /* PBXTargetDependency */ = {
			isa = PBXTargetDependency;
			target = C0CC7BF7280AB3BE000EF427 /* Twitter-iOS */;
			targetProxy = C0CC7C19280AB3C0000EF427 /* PBXContainerItemProxy */;
		};
/* End PBXTargetDependency section */

/* Begin PBXVariantGroup section */
		C0CC7C01280AB3BE000EF427 /* Main.storyboard */ = {
			isa = PBXVariantGroup;
			children = (
				C0CC7C02280AB3BE000EF427 /* Base */,
			);
			name = Main.storyboard;
			sourceTree = "<group>";
		};
		C0CC7C06280AB3C0000EF427 /* LaunchScreen.storyboard */ = {
			isa = PBXVariantGroup;
			children = (
				C0CC7C07280AB3C0000EF427 /* Base */,
			);
			name = LaunchScreen.storyboard;
			sourceTree = "<group>";
		};
/* End PBXVariantGroup section */

/* Begin XCBuildConfiguration section */
		C0CC7C20280AB3C0000EF427 /* Debug */ = {
			isa = XCBuildConfiguration;
			buildSettings = {
				ALWAYS_SEARCH_USER_PATHS = NO;
				CLANG_ANALYZER_NONNULL = YES;
				CLANG_ANALYZER_NUMBER_OBJECT_CONVERSION = YES_AGGRESSIVE;
				CLANG_CXX_LANGUAGE_STANDARD = "gnu++17";
				CLANG_ENABLE_MODULES = YES;
				CLANG_ENABLE_OBJC_ARC = YES;
				CLANG_ENABLE_OBJC_WEAK = YES;
				CLANG_WARN_BLOCK_CAPTURE_AUTORELEASING = YES;
				CLANG_WARN_BOOL_CONVERSION = YES;
				CLANG_WARN_COMMA = YES;
				CLANG_WARN_CONSTANT_CONVERSION = YES;
				CLANG_WARN_DEPRECATED_OBJC_IMPLEMENTATIONS = YES;
				CLANG_WARN_DIRECT_OBJC_ISA_USAGE = YES_ERROR;
				CLANG_WARN_DOCUMENTATION_COMMENTS = YES;
				CLANG_WARN_EMPTY_BODY = YES;
				CLANG_WARN_ENUM_CONVERSION = YES;
				CLANG_WARN_INFINITE_RECURSION = YES;
				CLANG_WARN_INT_CONVERSION = YES;
				CLANG_WARN_NON_LITERAL_NULL_CONVERSION = YES;
				CLANG_WARN_OBJC_IMPLICIT_RETAIN_SELF = YES;
				CLANG_WARN_OBJC_LITERAL_CONVERSION = YES;
				CLANG_WARN_OBJC_ROOT_CLASS = YES_ERROR;
				CLANG_WARN_QUOTED_INCLUDE_IN_FRAMEWORK_HEADER = YES;
				CLANG_WARN_RANGE_LOOP_ANALYSIS = YES;
				CLANG_WARN_STRICT_PROTOTYPES = YES;
				CLANG_WARN_SUSPICIOUS_MOVE = YES;
				CLANG_WARN_UNGUARDED_AVAILABILITY = YES_AGGRESSIVE;
				CLANG_WARN_UNREACHABLE_CODE = YES;
				CLANG_WARN__DUPLICATE_METHOD_MATCH = YES;
				COPY_PHASE_STRIP = NO;
				DEBUG_INFORMATION_FORMAT = dwarf;
				ENABLE_STRICT_OBJC_MSGSEND = YES;
				ENABLE_TESTABILITY = YES;
				GCC_C_LANGUAGE_STANDARD = gnu11;
				GCC_DYNAMIC_NO_PIC = NO;
				GCC_NO_COMMON_BLOCKS = YES;
				GCC_OPTIMIZATION_LEVEL = 0;
				GCC_PREPROCESSOR_DEFINITIONS = (
					"DEBUG=1",
					"$(inherited)",
				);
				GCC_WARN_64_TO_32_BIT_CONVERSION = YES;
				GCC_WARN_ABOUT_RETURN_TYPE = YES_ERROR;
				GCC_WARN_UNDECLARED_SELECTOR = YES;
				GCC_WARN_UNINITIALIZED_AUTOS = YES_AGGRESSIVE;
				GCC_WARN_UNUSED_FUNCTION = YES;
				GCC_WARN_UNUSED_VARIABLE = YES;
				IPHONEOS_DEPLOYMENT_TARGET = 15.4;
				MTL_ENABLE_DEBUG_INFO = INCLUDE_SOURCE;
				MTL_FAST_MATH = YES;
				ONLY_ACTIVE_ARCH = YES;
				SDKROOT = iphoneos;
				SWIFT_ACTIVE_COMPILATION_CONDITIONS = DEBUG;
				SWIFT_OPTIMIZATION_LEVEL = "-Onone";
			};
			name = Debug;
		};
		C0CC7C21280AB3C0000EF427 /* Release */ = {
			isa = XCBuildConfiguration;
			buildSettings = {
				ALWAYS_SEARCH_USER_PATHS = NO;
				CLANG_ANALYZER_NONNULL = YES;
				CLANG_ANALYZER_NUMBER_OBJECT_CONVERSION = YES_AGGRESSIVE;
				CLANG_CXX_LANGUAGE_STANDARD = "gnu++17";
				CLANG_ENABLE_MODULES = YES;
				CLANG_ENABLE_OBJC_ARC = YES;
				CLANG_ENABLE_OBJC_WEAK = YES;
				CLANG_WARN_BLOCK_CAPTURE_AUTORELEASING = YES;
				CLANG_WARN_BOOL_CONVERSION = YES;
				CLANG_WARN_COMMA = YES;
				CLANG_WARN_CONSTANT_CONVERSION = YES;
				CLANG_WARN_DEPRECATED_OBJC_IMPLEMENTATIONS = YES;
				CLANG_WARN_DIRECT_OBJC_ISA_USAGE = YES_ERROR;
				CLANG_WARN_DOCUMENTATION_COMMENTS = YES;
				CLANG_WARN_EMPTY_BODY = YES;
				CLANG_WARN_ENUM_CONVERSION = YES;
				CLANG_WARN_INFINITE_RECURSION = YES;
				CLANG_WARN_INT_CONVERSION = YES;
				CLANG_WARN_NON_LITERAL_NULL_CONVERSION = YES;
				CLANG_WARN_OBJC_IMPLICIT_RETAIN_SELF = YES;
				CLANG_WARN_OBJC_LITERAL_CONVERSION = YES;
				CLANG_WARN_OBJC_ROOT_CLASS = YES_ERROR;
				CLANG_WARN_QUOTED_INCLUDE_IN_FRAMEWORK_HEADER = YES;
				CLANG_WARN_RANGE_LOOP_ANALYSIS = YES;
				CLANG_WARN_STRICT_PROTOTYPES = YES;
				CLANG_WARN_SUSPICIOUS_MOVE = YES;
				CLANG_WARN_UNGUARDED_AVAILABILITY = YES_AGGRESSIVE;
				CLANG_WARN_UNREACHABLE_CODE = YES;
				CLANG_WARN__DUPLICATE_METHOD_MATCH = YES;
				COPY_PHASE_STRIP = NO;
				DEBUG_INFORMATION_FORMAT = "dwarf-with-dsym";
				ENABLE_NS_ASSERTIONS = NO;
				ENABLE_STRICT_OBJC_MSGSEND = YES;
				GCC_C_LANGUAGE_STANDARD = gnu11;
				GCC_NO_COMMON_BLOCKS = YES;
				GCC_WARN_64_TO_32_BIT_CONVERSION = YES;
				GCC_WARN_ABOUT_RETURN_TYPE = YES_ERROR;
				GCC_WARN_UNDECLARED_SELECTOR = YES;
				GCC_WARN_UNINITIALIZED_AUTOS = YES_AGGRESSIVE;
				GCC_WARN_UNUSED_FUNCTION = YES;
				GCC_WARN_UNUSED_VARIABLE = YES;
				IPHONEOS_DEPLOYMENT_TARGET = 15.4;
				MTL_ENABLE_DEBUG_INFO = NO;
				MTL_FAST_MATH = YES;
				SDKROOT = iphoneos;
				SWIFT_COMPILATION_MODE = wholemodule;
				SWIFT_OPTIMIZATION_LEVEL = "-O";
				VALIDATE_PRODUCT = YES;
			};
			name = Release;
		};
		C0CC7C23280AB3C0000EF427 /* Debug */ = {
			isa = XCBuildConfiguration;
			buildSettings = {
				ASSETCATALOG_COMPILER_APPICON_NAME = AppIcon;
				ASSETCATALOG_COMPILER_GLOBAL_ACCENT_COLOR_NAME = AccentColor;
				CODE_SIGN_STYLE = Manual;
				CURRENT_PROJECT_VERSION = 1;
				DEVELOPMENT_TEAM = "";
				GENERATE_INFOPLIST_FILE = YES;
				INFOPLIST_FILE = "Twitter-iOS/Info.plist";
				INFOPLIST_KEY_UIApplicationSupportsIndirectInputEvents = YES;
				INFOPLIST_KEY_UILaunchStoryboardName = LaunchScreen;
				INFOPLIST_KEY_UIMainStoryboardFile = Main;
				INFOPLIST_KEY_UISupportedInterfaceOrientations_iPad = "UIInterfaceOrientationPortrait UIInterfaceOrientationPortraitUpsideDown UIInterfaceOrientationLandscapeLeft UIInterfaceOrientationLandscapeRight";
				INFOPLIST_KEY_UISupportedInterfaceOrientations_iPhone = "UIInterfaceOrientationPortrait UIInterfaceOrientationLandscapeLeft UIInterfaceOrientationLandscapeRight";
				IPHONEOS_DEPLOYMENT_TARGET = 15.0;
				LD_RUNPATH_SEARCH_PATHS = (
					"$(inherited)",
					"@executable_path/Frameworks",
				);
				MARKETING_VERSION = 1.0;
				PRODUCT_BUNDLE_IDENTIFIER = "com.webank.Twitter-iOS";
				PRODUCT_NAME = "$(TARGET_NAME)";
				PROVISIONING_PROFILE_SPECIFIER = "";
				SWIFT_EMIT_LOC_STRINGS = YES;
				SWIFT_VERSION = 5.0;
				TARGETED_DEVICE_FAMILY = "1,2";
			};
			name = Debug;
		};
		C0CC7C24280AB3C0000EF427 /* Release */ = {
			isa = XCBuildConfiguration;
			buildSettings = {
				ASSETCATALOG_COMPILER_APPICON_NAME = AppIcon;
				ASSETCATALOG_COMPILER_GLOBAL_ACCENT_COLOR_NAME = AccentColor;
				CODE_SIGN_STYLE = Manual;
				CURRENT_PROJECT_VERSION = 1;
				DEVELOPMENT_TEAM = "";
				GENERATE_INFOPLIST_FILE = YES;
				INFOPLIST_FILE = "Twitter-iOS/Info.plist";
				INFOPLIST_KEY_UIApplicationSupportsIndirectInputEvents = YES;
				INFOPLIST_KEY_UILaunchStoryboardName = LaunchScreen;
				INFOPLIST_KEY_UIMainStoryboardFile = Main;
				INFOPLIST_KEY_UISupportedInterfaceOrientations_iPad = "UIInterfaceOrientationPortrait UIInterfaceOrientationPortraitUpsideDown UIInterfaceOrientationLandscapeLeft UIInterfaceOrientationLandscapeRight";
				INFOPLIST_KEY_UISupportedInterfaceOrientations_iPhone = "UIInterfaceOrientationPortrait UIInterfaceOrientationLandscapeLeft UIInterfaceOrientationLandscapeRight";
				IPHONEOS_DEPLOYMENT_TARGET = 15.0;
				LD_RUNPATH_SEARCH_PATHS = (
					"$(inherited)",
					"@executable_path/Frameworks",
				);
				MARKETING_VERSION = 1.0;
				PRODUCT_BUNDLE_IDENTIFIER = "com.webank.Twitter-iOS";
				PRODUCT_NAME = "$(TARGET_NAME)";
				PROVISIONING_PROFILE_SPECIFIER = "";
				SWIFT_EMIT_LOC_STRINGS = YES;
				SWIFT_VERSION = 5.0;
				TARGETED_DEVICE_FAMILY = "1,2";
			};
			name = Release;
		};
		C0CC7C26280AB3C0000EF427 /* Debug */ = {
			isa = XCBuildConfiguration;
			buildSettings = {
				ALWAYS_EMBED_SWIFT_STANDARD_LIBRARIES = YES;
				BUNDLE_LOADER = "$(TEST_HOST)";
				CODE_SIGN_STYLE = Automatic;
				CURRENT_PROJECT_VERSION = 1;
				GENERATE_INFOPLIST_FILE = YES;
				IPHONEOS_DEPLOYMENT_TARGET = 15.4;
				MARKETING_VERSION = 1.0;
				PRODUCT_BUNDLE_IDENTIFIER = "com.webank.Twitter-iOSTests";
				PRODUCT_NAME = "$(TARGET_NAME)";
				SWIFT_EMIT_LOC_STRINGS = NO;
				SWIFT_VERSION = 5.0;
				TARGETED_DEVICE_FAMILY = "1,2";
				TEST_HOST = "$(BUILT_PRODUCTS_DIR)/Twitter-iOS.app/Twitter-iOS";
			};
			name = Debug;
		};
		C0CC7C27280AB3C0000EF427 /* Release */ = {
			isa = XCBuildConfiguration;
			buildSettings = {
				ALWAYS_EMBED_SWIFT_STANDARD_LIBRARIES = YES;
				BUNDLE_LOADER = "$(TEST_HOST)";
				CODE_SIGN_STYLE = Automatic;
				CURRENT_PROJECT_VERSION = 1;
				GENERATE_INFOPLIST_FILE = YES;
				IPHONEOS_DEPLOYMENT_TARGET = 15.4;
				MARKETING_VERSION = 1.0;
				PRODUCT_BUNDLE_IDENTIFIER = "com.webank.Twitter-iOSTests";
				PRODUCT_NAME = "$(TARGET_NAME)";
				SWIFT_EMIT_LOC_STRINGS = NO;
				SWIFT_VERSION = 5.0;
				TARGETED_DEVICE_FAMILY = "1,2";
				TEST_HOST = "$(BUILT_PRODUCTS_DIR)/Twitter-iOS.app/Twitter-iOS";
			};
			name = Release;
		};
		C0CC7C29280AB3C0000EF427 /* Debug */ = {
			isa = XCBuildConfiguration;
			buildSettings = {
				ALWAYS_EMBED_SWIFT_STANDARD_LIBRARIES = YES;
				CODE_SIGN_STYLE = Automatic;
				CURRENT_PROJECT_VERSION = 1;
				GENERATE_INFOPLIST_FILE = YES;
				MARKETING_VERSION = 1.0;
				PRODUCT_BUNDLE_IDENTIFIER = "com.webank.Twitter-iOSUITests";
				PRODUCT_NAME = "$(TARGET_NAME)";
				SWIFT_EMIT_LOC_STRINGS = NO;
				SWIFT_VERSION = 5.0;
				TARGETED_DEVICE_FAMILY = "1,2";
				TEST_TARGET_NAME = "Twitter-iOS";
			};
			name = Debug;
		};
		C0CC7C2A280AB3C0000EF427 /* Release */ = {
			isa = XCBuildConfiguration;
			buildSettings = {
				ALWAYS_EMBED_SWIFT_STANDARD_LIBRARIES = YES;
				CODE_SIGN_STYLE = Automatic;
				CURRENT_PROJECT_VERSION = 1;
				GENERATE_INFOPLIST_FILE = YES;
				MARKETING_VERSION = 1.0;
				PRODUCT_BUNDLE_IDENTIFIER = "com.webank.Twitter-iOSUITests";
				PRODUCT_NAME = "$(TARGET_NAME)";
				SWIFT_EMIT_LOC_STRINGS = NO;
				SWIFT_VERSION = 5.0;
				TARGETED_DEVICE_FAMILY = "1,2";
				TEST_TARGET_NAME = "Twitter-iOS";
			};
			name = Release;
		};
/* End XCBuildConfiguration section */

/* Begin XCConfigurationList section */
		C0CC7BF3280AB3BE000EF427 /* Build configuration list for PBXProject "Twitter-iOS" */ = {
			isa = XCConfigurationList;
			buildConfigurations = (
				C0CC7C20280AB3C0000EF427 /* Debug */,
				C0CC7C21280AB3C0000EF427 /* Release */,
			);
			defaultConfigurationIsVisible = 0;
			defaultConfigurationName = Release;
		};
		C0CC7C22280AB3C0000EF427 /* Build configuration list for PBXNativeTarget "Twitter-iOS" */ = {
			isa = XCConfigurationList;
			buildConfigurations = (
				C0CC7C23280AB3C0000EF427 /* Debug */,
				C0CC7C24280AB3C0000EF427 /* Release */,
			);
			defaultConfigurationIsVisible = 0;
			defaultConfigurationName = Release;
		};
		C0CC7C25280AB3C0000EF427 /* Build configuration list for PBXNativeTarget "Twitter-iOSTests" */ = {
			isa = XCConfigurationList;
			buildConfigurations = (
				C0CC7C26280AB3C0000EF427 /* Debug */,
				C0CC7C27280AB3C0000EF427 /* Release */,
			);
			defaultConfigurationIsVisible = 0;
			defaultConfigurationName = Release;
		};
		C0CC7C28280AB3C0000EF427 /* Build configuration list for PBXNativeTarget "Twitter-iOSUITests" */ = {
			isa = XCConfigurationList;
			buildConfigurations = (
				C0CC7C29280AB3C0000EF427 /* Debug */,
				C0CC7C2A280AB3C0000EF427 /* Release */,
			);
			defaultConfigurationIsVisible = 0;
			defaultConfigurationName = Release;
		};
/* End XCConfigurationList section */
	};
	rootObject = C0CC7BF0280AB3BE000EF427 /* Project object */;
}
